
Microsoft Visual Studio Solution File, Format Version 12.00
# Visual Studio Version 17
VisualStudioVersion = 17.0.31903.59
MinimumVisualStudioVersion = 10.0.40219.1
Project("{FAE04EC0-301F-11D3-BF4B-00C04F79EFBC}") = "SpaceBattle.Lib", "SpaceBattle.Lib\SpaceBattle.Lib.csproj", "{EE795BAD-A510-4565-BD65-9989EA40B58E}"
EndProject
Project("{FAE04EC0-301F-11D3-BF4B-00C04F79EFBC}") = "SpaceBattle.Tests", "SpaceBattle.Tests\SpaceBattle.Tests.csproj", "{22AEE02C-F954-425C-BA90-FD9D8169142C}"
EndProject
Global
	GlobalSection(SolutionConfigurationPlatforms) = preSolution
		Debug|Any CPU = Debug|Any CPU
		Debug|x64 = Debug|x64
		Debug|x86 = Debug|x86
		Release|Any CPU = Release|Any CPU
		Release|x64 = Release|x64
		Release|x86 = Release|x86
	EndGlobalSection
	GlobalSection(ProjectConfigurationPlatforms) = postSolution
		{EE795BAD-A510-4565-BD65-9989EA40B58E}.Debug|Any CPU.ActiveCfg = Debug|Any CPU
		{EE795BAD-A510-4565-BD65-9989EA40B58E}.Debug|Any CPU.Build.0 = Debug|Any CPU
		{EE795BAD-A510-4565-BD65-9989EA40B58E}.Debug|x64.ActiveCfg = Debug|Any CPU
		{EE795BAD-A510-4565-BD65-9989EA40B58E}.Debug|x64.Build.0 = Debug|Any CPU
		{EE795BAD-A510-4565-BD65-9989EA40B58E}.Debug|x86.ActiveCfg = Debug|Any CPU
		{EE795BAD-A510-4565-BD65-9989EA40B58E}.Debug|x86.Build.0 = Debug|Any CPU
		{EE795BAD-A510-4565-BD65-9989EA40B58E}.Release|Any CPU.ActiveCfg = Release|Any CPU
		{EE795BAD-A510-4565-BD65-9989EA40B58E}.Release|Any CPU.Build.0 = Release|Any CPU
		{EE795BAD-A510-4565-BD65-9989EA40B58E}.Release|x64.ActiveCfg = Release|Any CPU
		{EE795BAD-A510-4565-BD65-9989EA40B58E}.Release|x64.Build.0 = Release|Any CPU
		{EE795BAD-A510-4565-BD65-9989EA40B58E}.Release|x86.ActiveCfg = Release|Any CPU
		{EE795BAD-A510-4565-BD65-9989EA40B58E}.Release|x86.Build.0 = Release|Any CPU
		{22AEE02C-F954-425C-BA90-FD9D8169142C}.Debug|Any CPU.ActiveCfg = Debug|Any CPU
		{22AEE02C-F954-425C-BA90-FD9D8169142C}.Debug|Any CPU.Build.0 = Debug|Any CPU
		{22AEE02C-F954-425C-BA90-FD9D8169142C}.Debug|x64.ActiveCfg = Debug|Any CPU
		{22AEE02C-F954-425C-BA90-FD9D8169142C}.Debug|x64.Build.0 = Debug|Any CPU
		{22AEE02C-F954-425C-BA90-FD9D8169142C}.Debug|x86.ActiveCfg = Debug|Any CPU
		{22AEE02C-F954-425C-BA90-FD9D8169142C}.Debug|x86.Build.0 = Debug|Any CPU
		{22AEE02C-F954-425C-BA90-FD9D8169142C}.Release|Any CPU.ActiveCfg = Release|Any CPU
		{22AEE02C-F954-425C-BA90-FD9D8169142C}.Release|Any CPU.Build.0 = Release|Any CPU
		{22AEE02C-F954-425C-BA90-FD9D8169142C}.Release|x64.ActiveCfg = Release|Any CPU
		{22AEE02C-F954-425C-BA90-FD9D8169142C}.Release|x64.Build.0 = Release|Any CPU
		{22AEE02C-F954-425C-BA90-FD9D8169142C}.Release|x86.ActiveCfg = Release|Any CPU
		{22AEE02C-F954-425C-BA90-FD9D8169142C}.Release|x86.Build.0 = Release|Any CPU
	EndGlobalSection
	GlobalSection(SolutionProperties) = preSolution
		HideSolutionNode = FALSE
	EndGlobalSection
EndGlobal
